
Microsoft Visual Studio Solution File, Format Version 12.00
# Visual Studio Version 17
VisualStudioVersion = 17.3.32825.248
MinimumVisualStudioVersion = 10.0.40219.1
Project("{9A19103F-16F7-4668-BE54-9A1E7A4F7556}") = "H01T02", "H01T02\H01T02.csproj", "{DF087F13-D169-4883-A46D-D3BC9820C998}"
EndProject
Project("{9A19103F-16F7-4668-BE54-9A1E7A4F7556}") = "H01T03", "H01T03\H01T03.csproj", "{52DADE78-B0F8-4894-9AC3-1BBB11805151}"
EndProject
Project("{9A19103F-16F7-4668-BE54-9A1E7A4F7556}") = "H01T04", "H01T04\H01T04.csproj", "{38C0C063-6EB9-48FD-A9FE-A547EC750718}"
EndProject
Project("{9A19103F-16F7-4668-BE54-9A1E7A4F7556}") = "H01T05", "H01T05\H01T05.csproj", "{10C3E7AB-8A87-4864-96C1-4C08C52186F1}"
EndProject
Project("{9A19103F-16F7-4668-BE54-9A1E7A4F7556}") = "H01T06", "H01T06\H01T06.csproj", "{03CED25F-AC20-4493-859A-833AF91CB4CA}"
EndProject
Project("{9A19103F-16F7-4668-BE54-9A1E7A4F7556}") = "H02T01", "H02T01\H02T01.csproj", "{24197580-0B5A-455D-A2C3-E256966FD91A}"
EndProject
Project("{9A19103F-16F7-4668-BE54-9A1E7A4F7556}") = "H02T02", "T02T02\H02T02.csproj", "{23119572-58DF-4D46-ACA4-1D5AE57C55C5}"
EndProject
Project("{9A19103F-16F7-4668-BE54-9A1E7A4F7556}") = "H02T03", "H02T03\H02T03.csproj", "{D17540A3-7E0A-4187-BFA5-B9E05A63CA6A}"
EndProject
Project("{9A19103F-16F7-4668-BE54-9A1E7A4F7556}") = "H02T04", "H02T04\H02T04.csproj", "{93F5C679-2FE7-4839-93D1-3024E9143A2D}"
EndProject
Project("{9A19103F-16F7-4668-BE54-9A1E7A4F7556}") = "H02T05", "H02T05\H02T05.csproj", "{6F5AED70-69BB-48B4-A29A-E430B9C47496}"
EndProject
Project("{9A19103F-16F7-4668-BE54-9A1E7A4F7556}") = "H03T01", "H03T01\H03T01.csproj", "{5EE62505-B95E-45EF-B7E2-E604BE8DB08A}"
EndProject
Project("{9A19103F-16F7-4668-BE54-9A1E7A4F7556}") = "H03T02", "H03T02\H03T02.csproj", "{84CCF6BC-71C5-4ECD-9C25-973889AAEF6F}"
EndProject
Project("{9A19103F-16F7-4668-BE54-9A1E7A4F7556}") = "H03T03", "H03T03\H03T03.csproj", "{C82F000A-5C60-4621-85A0-CF6B6122F6F6}"
EndProject
Project("{9A19103F-16F7-4668-BE54-9A1E7A4F7556}") = "H03T04", "H03T04\H03T04.csproj", "{533F0887-D8E0-4F63-88D9-EFB911132DE6}"
EndProject
Project("{9A19103F-16F7-4668-BE54-9A1E7A4F7556}") = "H03T06", "H03T06\H03T06.csproj", "{97A4E6BC-FEB2-4B62-B0A8-5CDAC39F2718}"
EndProject
Project("{9A19103F-16F7-4668-BE54-9A1E7A4F7556}") = "H03T07", "H03T07\H03T07.csproj", "{47BD460C-8B88-4E5D-A8FE-82D6DF306EB2}"
EndProject
Project("{9A19103F-16F7-4668-BE54-9A1E7A4F7556}") = "H03T05_1", "H03T05_1\H03T05_1.csproj", "{413E37FA-67AC-477C-B158-37A468E9E5AA}"
EndProject
Project("{9A19103F-16F7-4668-BE54-9A1E7A4F7556}") = "H03bT01", "H03bT01\H03bT01.csproj", "{8AEF7C9A-49BA-4F1C-84AD-1C9E2AD62D53}"
EndProject
Project("{9A19103F-16F7-4668-BE54-9A1E7A4F7556}") = "H03bT02", "H03bT02\H03bT02.csproj", "{D33FCFBF-6276-48F4-A28E-060DD93C390F}"
EndProject
Project("{9A19103F-16F7-4668-BE54-9A1E7A4F7556}") = "H03bT03", "H03bT03\H03bT03.csproj", "{DE9F6F4F-54E1-4A3E-8A5A-2F576A690029}"
EndProject
Project("{9A19103F-16F7-4668-BE54-9A1E7A4F7556}") = "H03bT04", "H03bT04\H03bT04.csproj", "{54C58154-5053-4F82-BE73-14876A350A9C}"
EndProject
Project("{9A19103F-16F7-4668-BE54-9A1E7A4F7556}") = "H03bT05", "H03bT05\H03bT05.csproj", "{77AF9E9A-658C-4E8D-95C1-365C1EE0D476}"
EndProject
Project("{9A19103F-16F7-4668-BE54-9A1E7A4F7556}") = "H03bT06", "H03bT06\H03bT06.csproj", "{8D971590-962F-4254-80DE-8552A09FC321}"
EndProject
Project("{9A19103F-16F7-4668-BE54-9A1E7A4F7556}") = "Esimerkki5_1", "Esimerkki5_1\Esimerkki5_1.csproj", "{73AFAC92-8DB5-403A-8476-FBA9209D8341}"
EndProject
Project("{9A19103F-16F7-4668-BE54-9A1E7A4F7556}") = "H04T01", "H04T01\H04T01.csproj", "{3DD7182A-AD3A-4021-B1D4-84854E8B9EA0}"
EndProject
Project("{9A19103F-16F7-4668-BE54-9A1E7A4F7556}") = "H04T02", "H04T02\H04T02.csproj", "{5841085C-67B3-425D-B7B4-3937FABCAC9B}"
EndProject
Project("{9A19103F-16F7-4668-BE54-9A1E7A4F7556}") = "H04T03", "H04T03\H04T03.csproj", "{1AD08082-8CBA-4DB2-9113-CA29730B9537}"
EndProject
Project("{9A19103F-16F7-4668-BE54-9A1E7A4F7556}") = "H04T04", "H04T04\H04T04.csproj", "{E87AD956-8474-4479-9E4B-51D4C8BC6F6B}"
EndProject
Project("{9A19103F-16F7-4668-BE54-9A1E7A4F7556}") = "H05T01", "H05T01\H05T01.csproj", "{A851595E-152D-4F29-8A39-40E4B78C754C}"
EndProject
Project("{9A19103F-16F7-4668-BE54-9A1E7A4F7556}") = "H05T02", "H05T02\H05T02.csproj", "{2434B851-60F0-4408-B674-450BFAB56A5A}"
EndProject
Project("{FAE04EC0-301F-11D3-BF4B-00C04F79EFBC}") = "H05T03", "H05T03\H05T03.csproj", "{F0BB2422-9726-4B68-B9C9-76E7B0289A08}"
EndProject
Global
	GlobalSection(SolutionConfigurationPlatforms) = preSolution
		Debug|Any CPU = Debug|Any CPU
		Release|Any CPU = Release|Any CPU
	EndGlobalSection
	GlobalSection(ProjectConfigurationPlatforms) = postSolution
		{DF087F13-D169-4883-A46D-D3BC9820C998}.Debug|Any CPU.ActiveCfg = Debug|Any CPU
		{DF087F13-D169-4883-A46D-D3BC9820C998}.Debug|Any CPU.Build.0 = Debug|Any CPU
		{DF087F13-D169-4883-A46D-D3BC9820C998}.Release|Any CPU.ActiveCfg = Release|Any CPU
		{DF087F13-D169-4883-A46D-D3BC9820C998}.Release|Any CPU.Build.0 = Release|Any CPU
		{52DADE78-B0F8-4894-9AC3-1BBB11805151}.Debug|Any CPU.ActiveCfg = Debug|Any CPU
		{52DADE78-B0F8-4894-9AC3-1BBB11805151}.Debug|Any CPU.Build.0 = Debug|Any CPU
		{52DADE78-B0F8-4894-9AC3-1BBB11805151}.Release|Any CPU.ActiveCfg = Release|Any CPU
		{52DADE78-B0F8-4894-9AC3-1BBB11805151}.Release|Any CPU.Build.0 = Release|Any CPU
		{38C0C063-6EB9-48FD-A9FE-A547EC750718}.Debug|Any CPU.ActiveCfg = Debug|Any CPU
		{38C0C063-6EB9-48FD-A9FE-A547EC750718}.Debug|Any CPU.Build.0 = Debug|Any CPU
		{38C0C063-6EB9-48FD-A9FE-A547EC750718}.Release|Any CPU.ActiveCfg = Release|Any CPU
		{38C0C063-6EB9-48FD-A9FE-A547EC750718}.Release|Any CPU.Build.0 = Release|Any CPU
		{10C3E7AB-8A87-4864-96C1-4C08C52186F1}.Debug|Any CPU.ActiveCfg = Debug|Any CPU
		{10C3E7AB-8A87-4864-96C1-4C08C52186F1}.Debug|Any CPU.Build.0 = Debug|Any CPU
		{10C3E7AB-8A87-4864-96C1-4C08C52186F1}.Release|Any CPU.ActiveCfg = Release|Any CPU
		{10C3E7AB-8A87-4864-96C1-4C08C52186F1}.Release|Any CPU.Build.0 = Release|Any CPU
		{03CED25F-AC20-4493-859A-833AF91CB4CA}.Debug|Any CPU.ActiveCfg = Debug|Any CPU
		{03CED25F-AC20-4493-859A-833AF91CB4CA}.Debug|Any CPU.Build.0 = Debug|Any CPU
		{03CED25F-AC20-4493-859A-833AF91CB4CA}.Release|Any CPU.ActiveCfg = Release|Any CPU
		{03CED25F-AC20-4493-859A-833AF91CB4CA}.Release|Any CPU.Build.0 = Release|Any CPU
		{24197580-0B5A-455D-A2C3-E256966FD91A}.Debug|Any CPU.ActiveCfg = Debug|Any CPU
		{24197580-0B5A-455D-A2C3-E256966FD91A}.Debug|Any CPU.Build.0 = Debug|Any CPU
		{24197580-0B5A-455D-A2C3-E256966FD91A}.Release|Any CPU.ActiveCfg = Release|Any CPU
		{24197580-0B5A-455D-A2C3-E256966FD91A}.Release|Any CPU.Build.0 = Release|Any CPU
		{23119572-58DF-4D46-ACA4-1D5AE57C55C5}.Debug|Any CPU.ActiveCfg = Debug|Any CPU
		{23119572-58DF-4D46-ACA4-1D5AE57C55C5}.Debug|Any CPU.Build.0 = Debug|Any CPU
		{23119572-58DF-4D46-ACA4-1D5AE57C55C5}.Release|Any CPU.ActiveCfg = Release|Any CPU
		{23119572-58DF-4D46-ACA4-1D5AE57C55C5}.Release|Any CPU.Build.0 = Release|Any CPU
		{D17540A3-7E0A-4187-BFA5-B9E05A63CA6A}.Debug|Any CPU.ActiveCfg = Debug|Any CPU
		{D17540A3-7E0A-4187-BFA5-B9E05A63CA6A}.Debug|Any CPU.Build.0 = Debug|Any CPU
		{D17540A3-7E0A-4187-BFA5-B9E05A63CA6A}.Release|Any CPU.ActiveCfg = Release|Any CPU
		{D17540A3-7E0A-4187-BFA5-B9E05A63CA6A}.Release|Any CPU.Build.0 = Release|Any CPU
		{93F5C679-2FE7-4839-93D1-3024E9143A2D}.Debug|Any CPU.ActiveCfg = Debug|Any CPU
		{93F5C679-2FE7-4839-93D1-3024E9143A2D}.Debug|Any CPU.Build.0 = Debug|Any CPU
		{93F5C679-2FE7-4839-93D1-3024E9143A2D}.Release|Any CPU.ActiveCfg = Release|Any CPU
		{93F5C679-2FE7-4839-93D1-3024E9143A2D}.Release|Any CPU.Build.0 = Release|Any CPU
		{6F5AED70-69BB-48B4-A29A-E430B9C47496}.Debug|Any CPU.ActiveCfg = Debug|Any CPU
		{6F5AED70-69BB-48B4-A29A-E430B9C47496}.Debug|Any CPU.Build.0 = Debug|Any CPU
		{6F5AED70-69BB-48B4-A29A-E430B9C47496}.Release|Any CPU.ActiveCfg = Release|Any CPU
		{6F5AED70-69BB-48B4-A29A-E430B9C47496}.Release|Any CPU.Build.0 = Release|Any CPU
		{5EE62505-B95E-45EF-B7E2-E604BE8DB08A}.Debug|Any CPU.ActiveCfg = Debug|Any CPU
		{5EE62505-B95E-45EF-B7E2-E604BE8DB08A}.Debug|Any CPU.Build.0 = Debug|Any CPU
		{5EE62505-B95E-45EF-B7E2-E604BE8DB08A}.Release|Any CPU.ActiveCfg = Release|Any CPU
		{5EE62505-B95E-45EF-B7E2-E604BE8DB08A}.Release|Any CPU.Build.0 = Release|Any CPU
		{84CCF6BC-71C5-4ECD-9C25-973889AAEF6F}.Debug|Any CPU.ActiveCfg = Debug|Any CPU
		{84CCF6BC-71C5-4ECD-9C25-973889AAEF6F}.Debug|Any CPU.Build.0 = Debug|Any CPU
		{84CCF6BC-71C5-4ECD-9C25-973889AAEF6F}.Release|Any CPU.ActiveCfg = Release|Any CPU
		{84CCF6BC-71C5-4ECD-9C25-973889AAEF6F}.Release|Any CPU.Build.0 = Release|Any CPU
		{C82F000A-5C60-4621-85A0-CF6B6122F6F6}.Debug|Any CPU.ActiveCfg = Debug|Any CPU
		{C82F000A-5C60-4621-85A0-CF6B6122F6F6}.Debug|Any CPU.Build.0 = Debug|Any CPU
		{C82F000A-5C60-4621-85A0-CF6B6122F6F6}.Release|Any CPU.ActiveCfg = Release|Any CPU
		{C82F000A-5C60-4621-85A0-CF6B6122F6F6}.Release|Any CPU.Build.0 = Release|Any CPU
		{533F0887-D8E0-4F63-88D9-EFB911132DE6}.Debug|Any CPU.ActiveCfg = Debug|Any CPU
		{533F0887-D8E0-4F63-88D9-EFB911132DE6}.Debug|Any CPU.Build.0 = Debug|Any CPU
		{533F0887-D8E0-4F63-88D9-EFB911132DE6}.Release|Any CPU.ActiveCfg = Release|Any CPU
		{533F0887-D8E0-4F63-88D9-EFB911132DE6}.Release|Any CPU.Build.0 = Release|Any CPU
		{97A4E6BC-FEB2-4B62-B0A8-5CDAC39F2718}.Debug|Any CPU.ActiveCfg = Debug|Any CPU
		{97A4E6BC-FEB2-4B62-B0A8-5CDAC39F2718}.Debug|Any CPU.Build.0 = Debug|Any CPU
		{97A4E6BC-FEB2-4B62-B0A8-5CDAC39F2718}.Release|Any CPU.ActiveCfg = Release|Any CPU
		{97A4E6BC-FEB2-4B62-B0A8-5CDAC39F2718}.Release|Any CPU.Build.0 = Release|Any CPU
		{47BD460C-8B88-4E5D-A8FE-82D6DF306EB2}.Debug|Any CPU.ActiveCfg = Debug|Any CPU
		{47BD460C-8B88-4E5D-A8FE-82D6DF306EB2}.Debug|Any CPU.Build.0 = Debug|Any CPU
		{47BD460C-8B88-4E5D-A8FE-82D6DF306EB2}.Release|Any CPU.ActiveCfg = Release|Any CPU
		{47BD460C-8B88-4E5D-A8FE-82D6DF306EB2}.Release|Any CPU.Build.0 = Release|Any CPU
		{413E37FA-67AC-477C-B158-37A468E9E5AA}.Debug|Any CPU.ActiveCfg = Debug|Any CPU
		{413E37FA-67AC-477C-B158-37A468E9E5AA}.Debug|Any CPU.Build.0 = Debug|Any CPU
		{413E37FA-67AC-477C-B158-37A468E9E5AA}.Release|Any CPU.ActiveCfg = Release|Any CPU
		{413E37FA-67AC-477C-B158-37A468E9E5AA}.Release|Any CPU.Build.0 = Release|Any CPU
		{8AEF7C9A-49BA-4F1C-84AD-1C9E2AD62D53}.Debug|Any CPU.ActiveCfg = Debug|Any CPU
		{8AEF7C9A-49BA-4F1C-84AD-1C9E2AD62D53}.Debug|Any CPU.Build.0 = Debug|Any CPU
		{8AEF7C9A-49BA-4F1C-84AD-1C9E2AD62D53}.Release|Any CPU.ActiveCfg = Release|Any CPU
		{8AEF7C9A-49BA-4F1C-84AD-1C9E2AD62D53}.Release|Any CPU.Build.0 = Release|Any CPU
		{D33FCFBF-6276-48F4-A28E-060DD93C390F}.Debug|Any CPU.ActiveCfg = Debug|Any CPU
		{D33FCFBF-6276-48F4-A28E-060DD93C390F}.Debug|Any CPU.Build.0 = Debug|Any CPU
		{D33FCFBF-6276-48F4-A28E-060DD93C390F}.Release|Any CPU.ActiveCfg = Release|Any CPU
		{D33FCFBF-6276-48F4-A28E-060DD93C390F}.Release|Any CPU.Build.0 = Release|Any CPU
		{DE9F6F4F-54E1-4A3E-8A5A-2F576A690029}.Debug|Any CPU.ActiveCfg = Debug|Any CPU
		{DE9F6F4F-54E1-4A3E-8A5A-2F576A690029}.Debug|Any CPU.Build.0 = Debug|Any CPU
		{DE9F6F4F-54E1-4A3E-8A5A-2F576A690029}.Release|Any CPU.ActiveCfg = Release|Any CPU
		{DE9F6F4F-54E1-4A3E-8A5A-2F576A690029}.Release|Any CPU.Build.0 = Release|Any CPU
		{54C58154-5053-4F82-BE73-14876A350A9C}.Debug|Any CPU.ActiveCfg = Debug|Any CPU
		{54C58154-5053-4F82-BE73-14876A350A9C}.Debug|Any CPU.Build.0 = Debug|Any CPU
		{54C58154-5053-4F82-BE73-14876A350A9C}.Release|Any CPU.ActiveCfg = Release|Any CPU
		{54C58154-5053-4F82-BE73-14876A350A9C}.Release|Any CPU.Build.0 = Release|Any CPU
		{77AF9E9A-658C-4E8D-95C1-365C1EE0D476}.Debug|Any CPU.ActiveCfg = Debug|Any CPU
		{77AF9E9A-658C-4E8D-95C1-365C1EE0D476}.Debug|Any CPU.Build.0 = Debug|Any CPU
		{77AF9E9A-658C-4E8D-95C1-365C1EE0D476}.Release|Any CPU.ActiveCfg = Release|Any CPU
		{77AF9E9A-658C-4E8D-95C1-365C1EE0D476}.Release|Any CPU.Build.0 = Release|Any CPU
		{8D971590-962F-4254-80DE-8552A09FC321}.Debug|Any CPU.ActiveCfg = Debug|Any CPU
		{8D971590-962F-4254-80DE-8552A09FC321}.Debug|Any CPU.Build.0 = Debug|Any CPU
		{8D971590-962F-4254-80DE-8552A09FC321}.Release|Any CPU.ActiveCfg = Release|Any CPU
		{8D971590-962F-4254-80DE-8552A09FC321}.Release|Any CPU.Build.0 = Release|Any CPU
		{73AFAC92-8DB5-403A-8476-FBA9209D8341}.Debug|Any CPU.ActiveCfg = Debug|Any CPU
		{73AFAC92-8DB5-403A-8476-FBA9209D8341}.Debug|Any CPU.Build.0 = Debug|Any CPU
		{73AFAC92-8DB5-403A-8476-FBA9209D8341}.Release|Any CPU.ActiveCfg = Release|Any CPU
		{73AFAC92-8DB5-403A-8476-FBA9209D8341}.Release|Any CPU.Build.0 = Release|Any CPU
		{3DD7182A-AD3A-4021-B1D4-84854E8B9EA0}.Debug|Any CPU.ActiveCfg = Debug|Any CPU
		{3DD7182A-AD3A-4021-B1D4-84854E8B9EA0}.Debug|Any CPU.Build.0 = Debug|Any CPU
		{3DD7182A-AD3A-4021-B1D4-84854E8B9EA0}.Release|Any CPU.ActiveCfg = Release|Any CPU
		{3DD7182A-AD3A-4021-B1D4-84854E8B9EA0}.Release|Any CPU.Build.0 = Release|Any CPU
		{5841085C-67B3-425D-B7B4-3937FABCAC9B}.Debug|Any CPU.ActiveCfg = Debug|Any CPU
		{5841085C-67B3-425D-B7B4-3937FABCAC9B}.Debug|Any CPU.Build.0 = Debug|Any CPU
		{5841085C-67B3-425D-B7B4-3937FABCAC9B}.Release|Any CPU.ActiveCfg = Release|Any CPU
		{5841085C-67B3-425D-B7B4-3937FABCAC9B}.Release|Any CPU.Build.0 = Release|Any CPU
		{1AD08082-8CBA-4DB2-9113-CA29730B9537}.Debug|Any CPU.ActiveCfg = Debug|Any CPU
		{1AD08082-8CBA-4DB2-9113-CA29730B9537}.Debug|Any CPU.Build.0 = Debug|Any CPU
		{1AD08082-8CBA-4DB2-9113-CA29730B9537}.Release|Any CPU.ActiveCfg = Release|Any CPU
		{1AD08082-8CBA-4DB2-9113-CA29730B9537}.Release|Any CPU.Build.0 = Release|Any CPU
		{E87AD956-8474-4479-9E4B-51D4C8BC6F6B}.Debug|Any CPU.ActiveCfg = Debug|Any CPU
		{E87AD956-8474-4479-9E4B-51D4C8BC6F6B}.Debug|Any CPU.Build.0 = Debug|Any CPU
		{E87AD956-8474-4479-9E4B-51D4C8BC6F6B}.Release|Any CPU.ActiveCfg = Release|Any CPU
		{E87AD956-8474-4479-9E4B-51D4C8BC6F6B}.Release|Any CPU.Build.0 = Release|Any CPU
		{A851595E-152D-4F29-8A39-40E4B78C754C}.Debug|Any CPU.ActiveCfg = Debug|Any CPU
		{A851595E-152D-4F29-8A39-40E4B78C754C}.Debug|Any CPU.Build.0 = Debug|Any CPU
		{A851595E-152D-4F29-8A39-40E4B78C754C}.Release|Any CPU.ActiveCfg = Release|Any CPU
		{A851595E-152D-4F29-8A39-40E4B78C754C}.Release|Any CPU.Build.0 = Release|Any CPU
		{2434B851-60F0-4408-B674-450BFAB56A5A}.Debug|Any CPU.ActiveCfg = Debug|Any CPU
		{2434B851-60F0-4408-B674-450BFAB56A5A}.Debug|Any CPU.Build.0 = Debug|Any CPU
		{2434B851-60F0-4408-B674-450BFAB56A5A}.Release|Any CPU.ActiveCfg = Release|Any CPU
		{2434B851-60F0-4408-B674-450BFAB56A5A}.Release|Any CPU.Build.0 = Release|Any CPU
		{F0BB2422-9726-4B68-B9C9-76E7B0289A08}.Debug|Any CPU.ActiveCfg = Debug|Any CPU
		{F0BB2422-9726-4B68-B9C9-76E7B0289A08}.Debug|Any CPU.Build.0 = Debug|Any CPU
		{F0BB2422-9726-4B68-B9C9-76E7B0289A08}.Release|Any CPU.ActiveCfg = Release|Any CPU
		{F0BB2422-9726-4B68-B9C9-76E7B0289A08}.Release|Any CPU.Build.0 = Release|Any CPU
	EndGlobalSection
	GlobalSection(SolutionProperties) = preSolution
		HideSolutionNode = FALSE
	EndGlobalSection
	GlobalSection(ExtensibilityGlobals) = postSolution
		SolutionGuid = {316B4DCB-2814-47F8-A3F6-0046D70244F6}
	EndGlobalSection
EndGlobal
